
Microsoft Visual Studio Solution File, Format Version 12.00
# Visual Studio Version 16
VisualStudioVersion = 16.0.30114.105
MinimumVisualStudioVersion = 10.0.40219.1
Project("{FAE04EC0-301F-11D3-BF4B-00C04F79EFBC}") = "Web", "Web\Web.csproj", "{9EF408B0-9776-49D5-A520-AB21231CC2C8}"
EndProject
Project("{FAE04EC0-301F-11D3-BF4B-00C04F79EFBC}") = "NotificacaoWorker", "NotificacaoWorker\NotificacaoWorker.csproj", "{025FC747-54FE-45AC-A59E-1915270626C0}"
EndProject
Global
	GlobalSection(SolutionConfigurationPlatforms) = preSolution
		Debug|Any CPU = Debug|Any CPU
		Release|Any CPU = Release|Any CPU
	EndGlobalSection
	GlobalSection(SolutionProperties) = preSolution
		HideSolutionNode = FALSE
	EndGlobalSection
	GlobalSection(ProjectConfigurationPlatforms) = postSolution
		{9EF408B0-9776-49D5-A520-AB21231CC2C8}.Debug|Any CPU.ActiveCfg = Debug|Any CPU
		{9EF408B0-9776-49D5-A520-AB21231CC2C8}.Debug|Any CPU.Build.0 = Debug|Any CPU
		{9EF408B0-9776-49D5-A520-AB21231CC2C8}.Release|Any CPU.ActiveCfg = Release|Any CPU
		{9EF408B0-9776-49D5-A520-AB21231CC2C8}.Release|Any CPU.Build.0 = Release|Any CPU
		{025FC747-54FE-45AC-A59E-1915270626C0}.Debug|Any CPU.ActiveCfg = Debug|Any CPU
		{025FC747-54FE-45AC-A59E-1915270626C0}.Debug|Any CPU.Build.0 = Debug|Any CPU
		{025FC747-54FE-45AC-A59E-1915270626C0}.Release|Any CPU.ActiveCfg = Release|Any CPU
		{025FC747-54FE-45AC-A59E-1915270626C0}.Release|Any CPU.Build.0 = Release|Any CPU
	EndGlobalSection
EndGlobal
